
Microsoft Visual Studio Solution File, Format Version 12.00
# Visual Studio 15
VisualStudioVersion = 15.0.28307.572
MinimumVisualStudioVersion = 10.0.40219.1
Project("{9A19103F-16F7-4668-BE54-9A1E7A4F7556}") = "SnowBoardReview", "SnowBoardReview\SnowBoardReview.csproj", "{297D8791-B221-4F99-A05A-4940B764CF2D}"
EndProject
Project("{FAE04EC0-301F-11D3-BF4B-00C04F79EFBC}") = "SnowBoardReview.Tests", "SnowBoardReview.Tests\SnowBoardReview.Tests.csproj", "{BC91F0D5-493F-4483-B517-EDD71678C04B}"
EndProject
Global
	GlobalSection(SolutionConfigurationPlatforms) = preSolution
		Debug|Any CPU = Debug|Any CPU
		Release|Any CPU = Release|Any CPU
	EndGlobalSection
	GlobalSection(ProjectConfigurationPlatforms) = postSolution
		{297D8791-B221-4F99-A05A-4940B764CF2D}.Debug|Any CPU.ActiveCfg = Debug|Any CPU
		{297D8791-B221-4F99-A05A-4940B764CF2D}.Debug|Any CPU.Build.0 = Debug|Any CPU
		{297D8791-B221-4F99-A05A-4940B764CF2D}.Release|Any CPU.ActiveCfg = Release|Any CPU
		{297D8791-B221-4F99-A05A-4940B764CF2D}.Release|Any CPU.Build.0 = Release|Any CPU
		{BC91F0D5-493F-4483-B517-EDD71678C04B}.Debug|Any CPU.ActiveCfg = Debug|Any CPU
		{BC91F0D5-493F-4483-B517-EDD71678C04B}.Debug|Any CPU.Build.0 = Debug|Any CPU
		{BC91F0D5-493F-4483-B517-EDD71678C04B}.Release|Any CPU.ActiveCfg = Release|Any CPU
		{BC91F0D5-493F-4483-B517-EDD71678C04B}.Release|Any CPU.Build.0 = Release|Any CPU
	EndGlobalSection
	GlobalSection(SolutionProperties) = preSolution
		HideSolutionNode = FALSE
	EndGlobalSection
	GlobalSection(ExtensibilityGlobals) = postSolution
		SolutionGuid = {121C02FA-5EF8-495F-8646-B270CD31FEC5}
	EndGlobalSection
EndGlobal
